# Reviewed immutable source revisions; not branch names.
SOKOL_REVISION=401f21f8b7039258c35fef75c11d9a8a0e616771
ANDROID_NDK_SUBSTRATE_REVISION=42f04d7654d54309ec3f8787bfd2bc40730399d7
ANDROID_NDK_VERSION=27.2.12479018
ICK_REVISION=c61e448251744a2f40ad743ebef1a027bdcd2f9d
AICI_REVISION=015cc7901ae0b3ad262b476f24e129b53c56db95
